
Microsoft Visual Studio Solution File, Format Version 12.00
# Visual Studio Version 16
VisualStudioVersion = 16.0.31402.337
MinimumVisualStudioVersion = 10.0.40219.1
Project("{FAE04EC0-301F-11D3-BF4B-00C04F79EFBC}") = "FACommands", "FACommands\FACommands.csproj", "{72127E7A-E669-40FA-8FFE-F943DAA9946F}"
EndProject
Global
	GlobalSection(SolutionConfigurationPlatforms) = preSolution
		Debug|Any CPU = Debug|Any CPU
		Debug|x86 = Debug|x86
		Release|Any CPU = Release|Any CPU
		Release|x86 = Release|x86
	EndGlobalSection
	GlobalSection(ProjectConfigurationPlatforms) = postSolution
		{72127E7A-E669-40FA-8FFE-F943DAA9946F}.Debug|Any CPU.ActiveCfg = Debug|Any CPU
		{72127E7A-E669-40FA-8FFE-F943DAA9946F}.Debug|Any CPU.Build.0 = Debug|Any CPU
		{72127E7A-E669-40FA-8FFE-F943DAA9946F}.Debug|x86.ActiveCfg = Debug|x86
		{72127E7A-E669-40FA-8FFE-F943DAA9946F}.Debug|x86.Build.0 = Debug|x86
		{72127E7A-E669-40FA-8FFE-F943DAA9946F}.Release|Any CPU.ActiveCfg = Release|Any CPU
		{72127E7A-E669-40FA-8FFE-F943DAA9946F}.Release|Any CPU.Build.0 = Release|Any CPU
		{72127E7A-E669-40FA-8FFE-F943DAA9946F}.Release|x86.ActiveCfg = Release|x86
		{72127E7A-E669-40FA-8FFE-F943DAA9946F}.Release|x86.Build.0 = Release|x86
	EndGlobalSection
	GlobalSection(SolutionProperties) = preSolution
		HideSolutionNode = FALSE
	EndGlobalSection
	GlobalSection(ExtensibilityGlobals) = postSolution
		SolutionGuid = {69D423D3-CACB-4A40-95D1-E5B949832AC1}
	EndGlobalSection
EndGlobal
